
Microsoft Visual Studio Solution File, Format Version 12.00
# Visual Studio Version 17
VisualStudioVersion = 17.2.32616.157
MinimumVisualStudioVersion = 10.0.40219.1
Project("{FAE04EC0-301F-11D3-BF4B-00C04F79EFBC}") = "Messenger", "Messenger\Messenger.csproj", "{EB4B720A-A929-43B7-8BED-51586A14BDE7}"
EndProject
Global
	GlobalSection(SolutionConfigurationPlatforms) = preSolution
		Debug|Any CPU = Debug|Any CPU
		Release|Any CPU = Release|Any CPU
	EndGlobalSection
	GlobalSection(ProjectConfigurationPlatforms) = postSolution
		{EB4B720A-A929-43B7-8BED-51586A14BDE7}.Debug|Any CPU.ActiveCfg = Debug|Any CPU
		{EB4B720A-A929-43B7-8BED-51586A14BDE7}.Debug|Any CPU.Build.0 = Debug|Any CPU
		{EB4B720A-A929-43B7-8BED-51586A14BDE7}.Release|Any CPU.ActiveCfg = Release|Any CPU
		{EB4B720A-A929-43B7-8BED-51586A14BDE7}.Release|Any CPU.Build.0 = Release|Any CPU
	EndGlobalSection
	GlobalSection(SolutionProperties) = preSolution
		HideSolutionNode = FALSE
	EndGlobalSection
	GlobalSection(ExtensibilityGlobals) = postSolution
		SolutionGuid = {42EA9F8D-44FE-4ACA-8888-77D745BF5461}
	EndGlobalSection
EndGlobal
